
Microsoft Visual Studio Solution File, Format Version 12.00
# Visual Studio Version 17
VisualStudioVersion = 17.5.33516.290
MinimumVisualStudioVersion = 10.0.40219.1
Project("{FAE04EC0-301F-11D3-BF4B-00C04F79EFBC}") = "ClipsOrganizer", "ClipsOrganizer.csproj", "{0EBAD832-5A28-4E2B-BA51-A55D6CBD034B}"
EndProject
Project("{FAE04EC0-301F-11D3-BF4B-00C04F79EFBC}") = "ClipsTests", "..\ClipsTests\ClipsTests.csproj", "{1682C8ED-3ED0-41FF-BB0F-5ACDD26DA001}"
EndProject
Global
	GlobalSection(SolutionConfigurationPlatforms) = preSolution
		Debug|Any CPU = Debug|Any CPU
		Release|Any CPU = Release|Any CPU
	EndGlobalSection
	GlobalSection(ProjectConfigurationPlatforms) = postSolution
		{0EBAD832-5A28-4E2B-BA51-A55D6CBD034B}.Debug|Any CPU.ActiveCfg = Debug|Any CPU
		{0EBAD832-5A28-4E2B-BA51-A55D6CBD034B}.Debug|Any CPU.Build.0 = Debug|Any CPU
		{0EBAD832-5A28-4E2B-BA51-A55D6CBD034B}.Release|Any CPU.ActiveCfg = Release|Any CPU
		{0EBAD832-5A28-4E2B-BA51-A55D6CBD034B}.Release|Any CPU.Build.0 = Release|Any CPU
		{1682C8ED-3ED0-41FF-BB0F-5ACDD26DA001}.Debug|Any CPU.ActiveCfg = Debug|Any CPU
		{1682C8ED-3ED0-41FF-BB0F-5ACDD26DA001}.Debug|Any CPU.Build.0 = Debug|Any CPU
		{1682C8ED-3ED0-41FF-BB0F-5ACDD26DA001}.Release|Any CPU.ActiveCfg = Release|Any CPU
		{1682C8ED-3ED0-41FF-BB0F-5ACDD26DA001}.Release|Any CPU.Build.0 = Release|Any CPU
	EndGlobalSection
	GlobalSection(SolutionProperties) = preSolution
		HideSolutionNode = FALSE
	EndGlobalSection
	GlobalSection(ExtensibilityGlobals) = postSolution
		SolutionGuid = {C1486846-4A5B-4BCA-9684-0BAFFEF241D5}
	EndGlobalSection
EndGlobal
